
Microsoft Visual Studio Solution File, Format Version 12.00
# Visual Studio Version 17
VisualStudioVersion = 17.9.34723.18
MinimumVisualStudioVersion = 10.0.40219.1
Project("{9A19103F-16F7-4668-BE54-9A1E7A4F7556}") = "Pllab", "Pllab\Pllab.csproj", "{0CEA66AD-A746-4C42-A16D-1E00D9DD920F}"
EndProject
Project("{FAE04EC0-301F-11D3-BF4B-00C04F79EFBC}") = "Pllab.Tests", "Pllab.Tests\Pllab.Tests.csproj", "{4E864A5A-DD44-4633-8802-CDBBA557FDEA}"
EndProject
Global
	GlobalSection(SolutionConfigurationPlatforms) = preSolution
		Debug|Any CPU = Debug|Any CPU
		Release|Any CPU = Release|Any CPU
	EndGlobalSection
	GlobalSection(ProjectConfigurationPlatforms) = postSolution
		{0CEA66AD-A746-4C42-A16D-1E00D9DD920F}.Debug|Any CPU.ActiveCfg = Debug|Any CPU
		{0CEA66AD-A746-4C42-A16D-1E00D9DD920F}.Debug|Any CPU.Build.0 = Debug|Any CPU
		{0CEA66AD-A746-4C42-A16D-1E00D9DD920F}.Release|Any CPU.ActiveCfg = Release|Any CPU
		{0CEA66AD-A746-4C42-A16D-1E00D9DD920F}.Release|Any CPU.Build.0 = Release|Any CPU
		{4E864A5A-DD44-4633-8802-CDBBA557FDEA}.Debug|Any CPU.ActiveCfg = Debug|Any CPU
		{4E864A5A-DD44-4633-8802-CDBBA557FDEA}.Debug|Any CPU.Build.0 = Debug|Any CPU
		{4E864A5A-DD44-4633-8802-CDBBA557FDEA}.Release|Any CPU.ActiveCfg = Release|Any CPU
		{4E864A5A-DD44-4633-8802-CDBBA557FDEA}.Release|Any CPU.Build.0 = Release|Any CPU
	EndGlobalSection
	GlobalSection(SolutionProperties) = preSolution
		HideSolutionNode = FALSE
	EndGlobalSection
	GlobalSection(ExtensibilityGlobals) = postSolution
		SolutionGuid = {A134C09C-1062-41F4-9C3F-8D2F84E9B437}
	EndGlobalSection
EndGlobal
